
Microsoft Visual Studio Solution File, Format Version 11.00
# Visual Studio 2010
Project("{FAE04EC0-301F-11D3-BF4B-00C04F79EFBC}") = "Multi-Pinball Prototype Ahmed", "Assembly-CSharp.csproj", "{628180B3-2A5D-3870-0DAC-C582D2C7AFEA}"
EndProject
Global
	GlobalSection(SolutionConfigurationPlatforms) = preSolution
		Debug|Any CPU = Debug|Any CPU
		Release|Any CPU = Release|Any CPU
	EndGlobalSection
	GlobalSection(ProjectConfigurationPlatforms) = postSolution
		{628180B3-2A5D-3870-0DAC-C582D2C7AFEA}.Debug|Any CPU.ActiveCfg = Debug|Any CPU
		{628180B3-2A5D-3870-0DAC-C582D2C7AFEA}.Debug|Any CPU.Build.0 = Debug|Any CPU
		{628180B3-2A5D-3870-0DAC-C582D2C7AFEA}.Release|Any CPU.ActiveCfg = Release|Any CPU
		{628180B3-2A5D-3870-0DAC-C582D2C7AFEA}.Release|Any CPU.Build.0 = Release|Any CPU
	EndGlobalSection
	GlobalSection(SolutionProperties) = preSolution
		HideSolutionNode = FALSE
	EndGlobalSection
	GlobalSection(MonoDevelopProperties) = preSolution
		StartupItem = Assembly-CSharp.csproj
	EndGlobalSection
EndGlobal
